
Microsoft Visual Studio Solution File, Format Version 12.00
# Visual Studio Version 16
VisualStudioVersion = 16.0.30907.101
MinimumVisualStudioVersion = 10.0.40219.1
Project("{9A19103F-16F7-4668-BE54-9A1E7A4F7556}") = "Task1", "Task1\Task1.csproj", "{A3C85C41-E252-4081-AA89-BF0FA1AD9E6C}"
EndProject
Project("{9A19103F-16F7-4668-BE54-9A1E7A4F7556}") = "Task2", "Task2\Task2.csproj", "{A78D4CE4-57D2-4AAA-9BB8-D8154B284799}"
EndProject
Project("{9A19103F-16F7-4668-BE54-9A1E7A4F7556}") = "Task3", "Task3\Task3.csproj", "{6F90C4EA-1520-4D1F-83CE-27C6F6BF573E}"
EndProject
Project("{9A19103F-16F7-4668-BE54-9A1E7A4F7556}") = "Task4", "Task4\Task4.csproj", "{1061823B-B9A9-41D2-82E0-82CA859486E1}"
EndProject
Project("{FAE04EC0-301F-11D3-BF4B-00C04F79EFBC}") = "WorkWithFiles", "WorkWithFiles\WorkWithFiles.csproj", "{31B7B0A8-6ABE-4266-97A2-6B39CEB9ED7D}"
EndProject
Global
	GlobalSection(SolutionConfigurationPlatforms) = preSolution
		Debug|Any CPU = Debug|Any CPU
		Debug|x64 = Debug|x64
		Release|Any CPU = Release|Any CPU
		Release|x64 = Release|x64
	EndGlobalSection
	GlobalSection(ProjectConfigurationPlatforms) = postSolution
		{A3C85C41-E252-4081-AA89-BF0FA1AD9E6C}.Debug|Any CPU.ActiveCfg = Debug|Any CPU
		{A3C85C41-E252-4081-AA89-BF0FA1AD9E6C}.Debug|Any CPU.Build.0 = Debug|Any CPU
		{A3C85C41-E252-4081-AA89-BF0FA1AD9E6C}.Debug|x64.ActiveCfg = Debug|Any CPU
		{A3C85C41-E252-4081-AA89-BF0FA1AD9E6C}.Debug|x64.Build.0 = Debug|Any CPU
		{A3C85C41-E252-4081-AA89-BF0FA1AD9E6C}.Release|Any CPU.ActiveCfg = Release|Any CPU
		{A3C85C41-E252-4081-AA89-BF0FA1AD9E6C}.Release|Any CPU.Build.0 = Release|Any CPU
		{A3C85C41-E252-4081-AA89-BF0FA1AD9E6C}.Release|x64.ActiveCfg = Release|x64
		{A3C85C41-E252-4081-AA89-BF0FA1AD9E6C}.Release|x64.Build.0 = Release|x64
		{A78D4CE4-57D2-4AAA-9BB8-D8154B284799}.Debug|Any CPU.ActiveCfg = Debug|Any CPU
		{A78D4CE4-57D2-4AAA-9BB8-D8154B284799}.Debug|Any CPU.Build.0 = Debug|Any CPU
		{A78D4CE4-57D2-4AAA-9BB8-D8154B284799}.Debug|x64.ActiveCfg = Debug|Any CPU
		{A78D4CE4-57D2-4AAA-9BB8-D8154B284799}.Debug|x64.Build.0 = Debug|Any CPU
		{A78D4CE4-57D2-4AAA-9BB8-D8154B284799}.Release|Any CPU.ActiveCfg = Release|Any CPU
		{A78D4CE4-57D2-4AAA-9BB8-D8154B284799}.Release|Any CPU.Build.0 = Release|Any CPU
		{A78D4CE4-57D2-4AAA-9BB8-D8154B284799}.Release|x64.ActiveCfg = Release|Any CPU
		{A78D4CE4-57D2-4AAA-9BB8-D8154B284799}.Release|x64.Build.0 = Release|Any CPU
		{6F90C4EA-1520-4D1F-83CE-27C6F6BF573E}.Debug|Any CPU.ActiveCfg = Debug|Any CPU
		{6F90C4EA-1520-4D1F-83CE-27C6F6BF573E}.Debug|Any CPU.Build.0 = Debug|Any CPU
		{6F90C4EA-1520-4D1F-83CE-27C6F6BF573E}.Debug|x64.ActiveCfg = Release|Any CPU
		{6F90C4EA-1520-4D1F-83CE-27C6F6BF573E}.Debug|x64.Build.0 = Release|Any CPU
		{6F90C4EA-1520-4D1F-83CE-27C6F6BF573E}.Release|Any CPU.ActiveCfg = Release|Any CPU
		{6F90C4EA-1520-4D1F-83CE-27C6F6BF573E}.Release|Any CPU.Build.0 = Release|Any CPU
		{6F90C4EA-1520-4D1F-83CE-27C6F6BF573E}.Release|x64.ActiveCfg = Release|Any CPU
		{6F90C4EA-1520-4D1F-83CE-27C6F6BF573E}.Release|x64.Build.0 = Release|Any CPU
		{1061823B-B9A9-41D2-82E0-82CA859486E1}.Debug|Any CPU.ActiveCfg = Debug|Any CPU
		{1061823B-B9A9-41D2-82E0-82CA859486E1}.Debug|Any CPU.Build.0 = Debug|Any CPU
		{1061823B-B9A9-41D2-82E0-82CA859486E1}.Debug|x64.ActiveCfg = Debug|Any CPU
		{1061823B-B9A9-41D2-82E0-82CA859486E1}.Debug|x64.Build.0 = Debug|Any CPU
		{1061823B-B9A9-41D2-82E0-82CA859486E1}.Release|Any CPU.ActiveCfg = Release|Any CPU
		{1061823B-B9A9-41D2-82E0-82CA859486E1}.Release|Any CPU.Build.0 = Release|Any CPU
		{1061823B-B9A9-41D2-82E0-82CA859486E1}.Release|x64.ActiveCfg = Release|Any CPU
		{1061823B-B9A9-41D2-82E0-82CA859486E1}.Release|x64.Build.0 = Release|Any CPU
		{31B7B0A8-6ABE-4266-97A2-6B39CEB9ED7D}.Debug|Any CPU.ActiveCfg = Debug|Any CPU
		{31B7B0A8-6ABE-4266-97A2-6B39CEB9ED7D}.Debug|Any CPU.Build.0 = Debug|Any CPU
		{31B7B0A8-6ABE-4266-97A2-6B39CEB9ED7D}.Debug|x64.ActiveCfg = Debug|Any CPU
		{31B7B0A8-6ABE-4266-97A2-6B39CEB9ED7D}.Debug|x64.Build.0 = Debug|Any CPU
		{31B7B0A8-6ABE-4266-97A2-6B39CEB9ED7D}.Release|Any CPU.ActiveCfg = Release|Any CPU
		{31B7B0A8-6ABE-4266-97A2-6B39CEB9ED7D}.Release|Any CPU.Build.0 = Release|Any CPU
		{31B7B0A8-6ABE-4266-97A2-6B39CEB9ED7D}.Release|x64.ActiveCfg = Release|Any CPU
		{31B7B0A8-6ABE-4266-97A2-6B39CEB9ED7D}.Release|x64.Build.0 = Release|Any CPU
	EndGlobalSection
	GlobalSection(SolutionProperties) = preSolution
		HideSolutionNode = FALSE
	EndGlobalSection
	GlobalSection(ExtensibilityGlobals) = postSolution
		SolutionGuid = {D0EE315E-038B-41FA-BF0A-11E5949915B6}
	EndGlobalSection
EndGlobal
